// !$*UTF8*$!
{
	archiveVersion = 1;
	classes = {
	};
	objectVersion = 56;
	objects = {

/* Begin PBXBuildFile section */
		492A1E5C293B3D70002A7C7A /* Question.swift in Sources */ = {isa = PBXBuildFile; fileRef = 492A1E5B293B3D70002A7C7A /* Question.swift */; };
		492A1E84293B7BB2002A7C7A /* MainMenuView.swift in Sources */ = {isa = PBXBuildFile; fileRef = 492A1E83293B7BB2002A7C7A /* MainMenuView.swift */; };
		492A1E86293CB95C002A7C7A /* GameViewController.swift in Sources */ = {isa = PBXBuildFile; fileRef = 492A1E85293CB95C002A7C7A /* GameViewController.swift */; };
		492A1E88293CB9B8002A7C7A /* GameView.swift in Sources */ = {isa = PBXBuildFile; fileRef = 492A1E87293CB9B8002A7C7A /* GameView.swift */; };
		492A1E8D293DCBAF002A7C7A /* ScoreTableView.swift in Sources */ = {isa = PBXBuildFile; fileRef = 492A1E8C293DCBAF002A7C7A /* ScoreTableView.swift */; };
		492A1E8F293DD36D002A7C7A /* ScoreTableViewCell.swift in Sources */ = {isa = PBXBuildFile; fileRef = 492A1E8E293DD36D002A7C7A /* ScoreTableViewCell.swift */; };
		492A1E91293DDF6A002A7C7A /* ScoreTableViewController.swift in Sources */ = {isa = PBXBuildFile; fileRef = 492A1E90293DDF6A002A7C7A /* ScoreTableViewController.swift */; };
		492A1E93293DEE9C002A7C7A /* ReusableHeaderFooterView.swift in Sources */ = {isa = PBXBuildFile; fileRef = 492A1E92293DEE9C002A7C7A /* ReusableHeaderFooterView.swift */; };
		492A1E95293E0CF3002A7C7A /* Game.swift in Sources */ = {isa = PBXBuildFile; fileRef = 492A1E94293E0CF3002A7C7A /* Game.swift */; };
		492A1E97293E0D44002A7C7A /* GameSession.swift in Sources */ = {isa = PBXBuildFile; fileRef = 492A1E96293E0D43002A7C7A /* GameSession.swift */; };
		492A1E99293E23AA002A7C7A /* Score.swift in Sources */ = {isa = PBXBuildFile; fileRef = 492A1E98293E23AA002A7C7A /* Score.swift */; };
		492A1E9B293E613D002A7C7A /* ScoresCareTaker.swift in Sources */ = {isa = PBXBuildFile; fileRef = 492A1E9A293E613D002A7C7A /* ScoresCareTaker.swift */; };
		492A1E9D293EEFC9002A7C7A /* HelpPageViewController.swift in Sources */ = {isa = PBXBuildFile; fileRef = 492A1E9C293EEFC9002A7C7A /* HelpPageViewController.swift */; };
		492A1E9F293EEFFE002A7C7A /* HelpPageView.swift in Sources */ = {isa = PBXBuildFile; fileRef = 492A1E9E293EEFFE002A7C7A /* HelpPageView.swift */; };
		492A1EA1293F7216002A7C7A /* SettingsCareTaker.swift in Sources */ = {isa = PBXBuildFile; fileRef = 492A1EA0293F7216002A7C7A /* SettingsCareTaker.swift */; };
		496711462944C60E009D43D3 /* GameDifficulty.swift in Sources */ = {isa = PBXBuildFile; fileRef = 496711452944C60E009D43D3 /* GameDifficulty.swift */; };
		4967114C2944CE7D009D43D3 /* SettingsView.swift in Sources */ = {isa = PBXBuildFile; fileRef = 4967114B2944CE7D009D43D3 /* SettingsView.swift */; };
		4967114E2944CE8F009D43D3 /* SettingsViewController.swift in Sources */ = {isa = PBXBuildFile; fileRef = 4967114D2944CE8F009D43D3 /* SettingsViewController.swift */; };
		496711512945D894009D43D3 /* DifficultyStrategy.swift in Sources */ = {isa = PBXBuildFile; fileRef = 496711502945D894009D43D3 /* DifficultyStrategy.swift */; };
		496711532945E365009D43D3 /* QuestionOrderStrategy.swift in Sources */ = {isa = PBXBuildFile; fileRef = 496711522945E365009D43D3 /* QuestionOrderStrategy.swift */; };
		496711552945E4BC009D43D3 /* QuestionsOrder.swift in Sources */ = {isa = PBXBuildFile; fileRef = 496711542945E4BC009D43D3 /* QuestionsOrder.swift */; };
		496711592945ED33009D43D3 /* Observable.swift in Sources */ = {isa = PBXBuildFile; fileRef = 496711582945ED33009D43D3 /* Observable.swift */; };
		496711612945F819009D43D3 /* AddQuestionsView.swift in Sources */ = {isa = PBXBuildFile; fileRef = 496711602945F819009D43D3 /* AddQuestionsView.swift */; };
		496711632945F82B009D43D3 /* AddQuestionsViewController.swift in Sources */ = {isa = PBXBuildFile; fileRef = 496711622945F82B009D43D3 /* AddQuestionsViewController.swift */; };
		496711652945F93F009D43D3 /* AddQuestionTableViewCell.swift in Sources */ = {isa = PBXBuildFile; fileRef = 496711642945F93F009D43D3 /* AddQuestionTableViewCell.swift */; };
		49C80E9729376A4600123107 /* AppDelegate.swift in Sources */ = {isa = PBXBuildFile; fileRef = 49C80E9629376A4600123107 /* AppDelegate.swift */; };
		49C80E9929376A4600123107 /* SceneDelegate.swift in Sources */ = {isa = PBXBuildFile; fileRef = 49C80E9829376A4600123107 /* SceneDelegate.swift */; };
		49C80E9B29376A4600123107 /* MainMenuViewController.swift in Sources */ = {isa = PBXBuildFile; fileRef = 49C80E9A29376A4600123107 /* MainMenuViewController.swift */; };
		49C80EA329376A4600123107 /* Assets.xcassets in Resources */ = {isa = PBXBuildFile; fileRef = 49C80EA229376A4600123107 /* Assets.xcassets */; };
		49C80EA629376A4600123107 /* LaunchScreen.storyboard in Resources */ = {isa = PBXBuildFile; fileRef = 49C80EA429376A4600123107 /* LaunchScreen.storyboard */; };
/* End PBXBuildFile section */

/* Begin PBXFileReference section */
		492A1E5B293B3D70002A7C7A /* Question.swift */ = {isa = PBXFileReference; lastKnownFileType = sourcecode.swift; path = Question.swift; sourceTree = "<group>"; };
		492A1E83293B7BB2002A7C7A /* MainMenuView.swift */ = {isa = PBXFileReference; lastKnownFileType = sourcecode.swift; path = MainMenuView.swift; sourceTree = "<group>"; };
		492A1E85293CB95C002A7C7A /* GameViewController.swift */ = {isa = PBXFileReference; lastKnownFileType = sourcecode.swift; path = GameViewController.swift; sourceTree = "<group>"; };
		492A1E87293CB9B8002A7C7A /* GameView.swift */ = {isa = PBXFileReference; lastKnownFileType = sourcecode.swift; path = GameView.swift; sourceTree = "<group>"; };
		492A1E8C293DCBAF002A7C7A /* ScoreTableView.swift */ = {isa = PBXFileReference; lastKnownFileType = sourcecode.swift; path = ScoreTableView.swift; sourceTree = "<group>"; };
		492A1E8E293DD36D002A7C7A /* ScoreTableViewCell.swift */ = {isa = PBXFileReference; lastKnownFileType = sourcecode.swift; path = ScoreTableViewCell.swift; sourceTree = "<group>"; };
		492A1E90293DDF6A002A7C7A /* ScoreTableViewController.swift */ = {isa = PBXFileReference; lastKnownFileType = sourcecode.swift; path = ScoreTableViewController.swift; sourceTree = "<group>"; };
		492A1E92293DEE9C002A7C7A /* ReusableHeaderFooterView.swift */ = {isa = PBXFileReference; lastKnownFileType = sourcecode.swift; path = ReusableHeaderFooterView.swift; sourceTree = "<group>"; };
		492A1E94293E0CF3002A7C7A /* Game.swift */ = {isa = PBXFileReference; lastKnownFileType = sourcecode.swift; path = Game.swift; sourceTree = "<group>"; };
		492A1E96293E0D43002A7C7A /* GameSession.swift */ = {isa = PBXFileReference; lastKnownFileType = sourcecode.swift; path = GameSession.swift; sourceTree = "<group>"; };
		492A1E98293E23AA002A7C7A /* Score.swift */ = {isa = PBXFileReference; lastKnownFileType = sourcecode.swift; path = Score.swift; sourceTree = "<group>"; };
		492A1E9A293E613D002A7C7A /* ScoresCareTaker.swift */ = {isa = PBXFileReference; lastKnownFileType = sourcecode.swift; path = ScoresCareTaker.swift; sourceTree = "<group>"; };
		492A1E9C293EEFC9002A7C7A /* HelpPageViewController.swift */ = {isa = PBXFileReference; lastKnownFileType = sourcecode.swift; path = HelpPageViewController.swift; sourceTree = "<group>"; };
		492A1E9E293EEFFE002A7C7A /* HelpPageView.swift */ = {isa = PBXFileReference; lastKnownFileType = sourcecode.swift; path = HelpPageView.swift; sourceTree = "<group>"; };
		492A1EA0293F7216002A7C7A /* SettingsCareTaker.swift */ = {isa = PBXFileReference; lastKnownFileType = sourcecode.swift; path = SettingsCareTaker.swift; sourceTree = "<group>"; };
		496711452944C60E009D43D3 /* GameDifficulty.swift */ = {isa = PBXFileReference; lastKnownFileType = sourcecode.swift; path = GameDifficulty.swift; sourceTree = "<group>"; };
		4967114B2944CE7D009D43D3 /* SettingsView.swift */ = {isa = PBXFileReference; lastKnownFileType = sourcecode.swift; path = SettingsView.swift; sourceTree = "<group>"; };
		4967114D2944CE8F009D43D3 /* SettingsViewController.swift */ = {isa = PBXFileReference; lastKnownFileType = sourcecode.swift; path = SettingsViewController.swift; sourceTree = "<group>"; };
		496711502945D894009D43D3 /* DifficultyStrategy.swift */ = {isa = PBXFileReference; lastKnownFileType = sourcecode.swift; path = DifficultyStrategy.swift; sourceTree = "<group>"; };
		496711522945E365009D43D3 /* QuestionOrderStrategy.swift */ = {isa = PBXFileReference; lastKnownFileType = sourcecode.swift; path = QuestionOrderStrategy.swift; sourceTree = "<group>"; };
		496711542945E4BC009D43D3 /* QuestionsOrder.swift */ = {isa = PBXFileReference; lastKnownFileType = sourcecode.swift; path = QuestionsOrder.swift; sourceTree = "<group>"; };
		496711582945ED33009D43D3 /* Observable.swift */ = {isa = PBXFileReference; lastKnownFileType = sourcecode.swift; path = Observable.swift; sourceTree = "<group>"; };
		496711602945F819009D43D3 /* AddQuestionsView.swift */ = {isa = PBXFileReference; lastKnownFileType = sourcecode.swift; path = AddQuestionsView.swift; sourceTree = "<group>"; };
		496711622945F82B009D43D3 /* AddQuestionsViewController.swift */ = {isa = PBXFileReference; lastKnownFileType = sourcecode.swift; path = AddQuestionsViewController.swift; sourceTree = "<group>"; };
		496711642945F93F009D43D3 /* AddQuestionTableViewCell.swift */ = {isa = PBXFileReference; lastKnownFileType = sourcecode.swift; path = AddQuestionTableViewCell.swift; sourceTree = "<group>"; };
		49C80E9329376A4600123107 /* WhoWantsToBeAMillionaire.app */ = {isa = PBXFileReference; explicitFileType = wrapper.application; includeInIndex = 0; path = WhoWantsToBeAMillionaire.app; sourceTree = BUILT_PRODUCTS_DIR; };
		49C80E9629376A4600123107 /* AppDelegate.swift */ = {isa = PBXFileReference; lastKnownFileType = sourcecode.swift; path = AppDelegate.swift; sourceTree = "<group>"; };
		49C80E9829376A4600123107 /* SceneDelegate.swift */ = {isa = PBXFileReference; lastKnownFileType = sourcecode.swift; path = SceneDelegate.swift; sourceTree = "<group>"; };
		49C80E9A29376A4600123107 /* MainMenuViewController.swift */ = {isa = PBXFileReference; lastKnownFileType = sourcecode.swift; path = MainMenuViewController.swift; sourceTree = "<group>"; };
		49C80EA229376A4600123107 /* Assets.xcassets */ = {isa = PBXFileReference; lastKnownFileType = folder.assetcatalog; path = Assets.xcassets; sourceTree = "<group>"; };
		49C80EA529376A4600123107 /* Base */ = {isa = PBXFileReference; lastKnownFileType = file.storyboard; name = Base; path = Base.lproj/LaunchScreen.storyboard; sourceTree = "<group>"; };
		49C80EA729376A4600123107 /* Info.plist */ = {isa = PBXFileReference; lastKnownFileType = text.plist.xml; path = Info.plist; sourceTree = "<group>"; };
/* End PBXFileReference section */

/* Begin PBXFrameworksBuildPhase section */
		49C80E9029376A4600123107 /* Frameworks */ = {
			isa = PBXFrameworksBuildPhase;
			buildActionMask = 2147483647;
			files = (
			);
			runOnlyForDeploymentPostprocessing = 0;
		};
/* End PBXFrameworksBuildPhase section */

/* Begin PBXGroup section */
		496711432944C5C2009D43D3 /* Utilities */ = {
			isa = PBXGroup;
			children = (
				496711572945EC8F009D43D3 /* Observable */,
				49E2AD8D293B2DA20007DFC8 /* CareTaker */,
			);
			path = Utilities;
			sourceTree = "<group>";
		};
		496711482944CE43009D43D3 /* SettingsScreen */ = {
			isa = PBXGroup;
			children = (
				496711492944CE55009D43D3 /* View */,
				4967114A2944CE5B009D43D3 /* Controller */,
			);
			path = SettingsScreen;
			sourceTree = "<group>";
		};
		496711492944CE55009D43D3 /* View */ = {
			isa = PBXGroup;
			children = (
				4967114B2944CE7D009D43D3 /* SettingsView.swift */,
			);
			path = View;
			sourceTree = "<group>";
		};
		4967114A2944CE5B009D43D3 /* Controller */ = {
			isa = PBXGroup;
			children = (
				4967114D2944CE8F009D43D3 /* SettingsViewController.swift */,
			);
			path = Controller;
			sourceTree = "<group>";
		};
		4967114F2945D86E009D43D3 /* Strategies */ = {
			isa = PBXGroup;
			children = (
				496711502945D894009D43D3 /* DifficultyStrategy.swift */,
				496711522945E365009D43D3 /* QuestionOrderStrategy.swift */,
			);
			path = Strategies;
			sourceTree = "<group>";
		};
		496711572945EC8F009D43D3 /* Observable */ = {
			isa = PBXGroup;
			children = (
				496711582945ED33009D43D3 /* Observable.swift */,
			);
			path = Observable;
			sourceTree = "<group>";
		};
		4967115D2945F7E1009D43D3 /* AddQuestionsScreen */ = {
			isa = PBXGroup;
			children = (
				4967115E2945F7F3009D43D3 /* View */,
				4967115F2945F7F8009D43D3 /* Controller */,
			);
			path = AddQuestionsScreen;
			sourceTree = "<group>";
		};
		4967115E2945F7F3009D43D3 /* View */ = {
			isa = PBXGroup;
			children = (
				496711602945F819009D43D3 /* AddQuestionsView.swift */,
				496711642945F93F009D43D3 /* AddQuestionTableViewCell.swift */,
			);
			path = View;
			sourceTree = "<group>";
		};
		4967115F2945F7F8009D43D3 /* Controller */ = {
			isa = PBXGroup;
			children = (
				496711622945F82B009D43D3 /* AddQuestionsViewController.swift */,
			);
			path = Controller;
			sourceTree = "<group>";
		};
		49BB23EF29431B9000D7A3D0 /* MainMenuScreen */ = {
			isa = PBXGroup;
			children = (
				49BB23FE29431C7700D7A3D0 /* View */,
				49BB23FF29431C7C00D7A3D0 /* Controller */,
			);
			path = MainMenuScreen;
			sourceTree = "<group>";
		};
		49BB23F029431BD500D7A3D0 /* GameScreen */ = {
			isa = PBXGroup;
			children = (
				49BB23FA29431C6200D7A3D0 /* Model */,
				49BB23FB29431C6800D7A3D0 /* View */,
				49BB23FC29431C6C00D7A3D0 /* Controller */,
			);
			path = GameScreen;
			sourceTree = "<group>";
		};
		49BB23F129431C0000D7A3D0 /* ScoretableScreen */ = {
			isa = PBXGroup;
			children = (
				49BB23F429431C3E00D7A3D0 /* Model */,
				49BB23F829431C5700D7A3D0 /* View */,
				49BB23F929431C5C00D7A3D0 /* Controller */,
			);
			path = ScoretableScreen;
			sourceTree = "<group>";
		};
		49BB23F229431C1000D7A3D0 /* HelpPageScreen */ = {
			isa = PBXGroup;
			children = (
				49BB23F629431C4B00D7A3D0 /* View */,
				49BB23F729431C5100D7A3D0 /* Controller */,
			);
			path = HelpPageScreen;
			sourceTree = "<group>";
		};
		49BB23F429431C3E00D7A3D0 /* Model */ = {
			isa = PBXGroup;
			children = (
				492A1E98293E23AA002A7C7A /* Score.swift */,
			);
			path = Model;
			sourceTree = "<group>";
		};
		49BB23F629431C4B00D7A3D0 /* View */ = {
			isa = PBXGroup;
			children = (
				492A1E9E293EEFFE002A7C7A /* HelpPageView.swift */,
			);
			path = View;
			sourceTree = "<group>";
		};
		49BB23F729431C5100D7A3D0 /* Controller */ = {
			isa = PBXGroup;
			children = (
				492A1E9C293EEFC9002A7C7A /* HelpPageViewController.swift */,
			);
			path = Controller;
			sourceTree = "<group>";
		};
		49BB23F829431C5700D7A3D0 /* View */ = {
			isa = PBXGroup;
			children = (
				492A1E8C293DCBAF002A7C7A /* ScoreTableView.swift */,
				492A1E8E293DD36D002A7C7A /* ScoreTableViewCell.swift */,
				492A1E92293DEE9C002A7C7A /* ReusableHeaderFooterView.swift */,
			);
			path = View;
			sourceTree = "<group>";
		};
		49BB23F929431C5C00D7A3D0 /* Controller */ = {
			isa = PBXGroup;
			children = (
				492A1E90293DDF6A002A7C7A /* ScoreTableViewController.swift */,
			);
			path = Controller;
			sourceTree = "<group>";
		};
		49BB23FA29431C6200D7A3D0 /* Model */ = {
			isa = PBXGroup;
			children = (
				492A1E5B293B3D70002A7C7A /* Question.swift */,
			);
			path = Model;
			sourceTree = "<group>";
		};
		49BB23FB29431C6800D7A3D0 /* View */ = {
			isa = PBXGroup;
			children = (
				492A1E87293CB9B8002A7C7A /* GameView.swift */,
			);
			path = View;
			sourceTree = "<group>";
		};
		49BB23FC29431C6C00D7A3D0 /* Controller */ = {
			isa = PBXGroup;
			children = (
				492A1E85293CB95C002A7C7A /* GameViewController.swift */,
			);
			path = Controller;
			sourceTree = "<group>";
		};
		49BB23FE29431C7700D7A3D0 /* View */ = {
			isa = PBXGroup;
			children = (
				492A1E83293B7BB2002A7C7A /* MainMenuView.swift */,
			);
			path = View;
			sourceTree = "<group>";
		};
		49BB23FF29431C7C00D7A3D0 /* Controller */ = {
			isa = PBXGroup;
			children = (
				49C80E9A29376A4600123107 /* MainMenuViewController.swift */,
			);
			path = Controller;
			sourceTree = "<group>";
		};
		49C80E8A29376A4600123107 = {
			isa = PBXGroup;
			children = (
				49C80E9529376A4600123107 /* WhoWantsToBeAMillionaire */,
				49C80E9429376A4600123107 /* Products */,
			);
			sourceTree = "<group>";
		};
		49C80E9429376A4600123107 /* Products */ = {
			isa = PBXGroup;
			children = (
				49C80E9329376A4600123107 /* WhoWantsToBeAMillionaire.app */,
			);
			name = Products;
			sourceTree = "<group>";
		};
		49C80E9529376A4600123107 /* WhoWantsToBeAMillionaire */ = {
			isa = PBXGroup;
			children = (
				4967115D2945F7E1009D43D3 /* AddQuestionsScreen */,
				49BB23EF29431B9000D7A3D0 /* MainMenuScreen */,
				49BB23F029431BD500D7A3D0 /* GameScreen */,
				49BB23F129431C0000D7A3D0 /* ScoretableScreen */,
				49BB23F229431C1000D7A3D0 /* HelpPageScreen */,
				496711482944CE43009D43D3 /* SettingsScreen */,
				496711432944C5C2009D43D3 /* Utilities */,
				49E2AD8C293B2D770007DFC8 /* Fundamental */,
				49E2AD8E293B2DC90007DFC8 /* Game */,
				4967114F2945D86E009D43D3 /* Strategies */,
				49C80EA229376A4600123107 /* Assets.xcassets */,
				49C80EA729376A4600123107 /* Info.plist */,
				49C80EA429376A4600123107 /* LaunchScreen.storyboard */,
			);
			path = WhoWantsToBeAMillionaire;
			sourceTree = "<group>";
		};
		49E2AD8C293B2D770007DFC8 /* Fundamental */ = {
			isa = PBXGroup;
			children = (
				49C80E9629376A4600123107 /* AppDelegate.swift */,
				49C80E9829376A4600123107 /* SceneDelegate.swift */,
			);
			path = Fundamental;
			sourceTree = "<group>";
		};
		49E2AD8D293B2DA20007DFC8 /* CareTaker */ = {
			isa = PBXGroup;
			children = (
				492A1E9A293E613D002A7C7A /* ScoresCareTaker.swift */,
				492A1EA0293F7216002A7C7A /* SettingsCareTaker.swift */,
			);
			path = CareTaker;
			sourceTree = "<group>";
		};
		49E2AD8E293B2DC90007DFC8 /* Game */ = {
			isa = PBXGroup;
			children = (
				492A1E94293E0CF3002A7C7A /* Game.swift */,
				492A1E96293E0D43002A7C7A /* GameSession.swift */,
				496711452944C60E009D43D3 /* GameDifficulty.swift */,
				496711542945E4BC009D43D3 /* QuestionsOrder.swift */,
			);
			path = Game;
			sourceTree = "<group>";
		};
/* End PBXGroup section */

/* Begin PBXNativeTarget section */
		49C80E9229376A4600123107 /* WhoWantsToBeAMillionaire */ = {
			isa = PBXNativeTarget;
			buildConfigurationList = 49C80EAA29376A4600123107 /* Build configuration list for PBXNativeTarget "WhoWantsToBeAMillionaire" */;
			buildPhases = (
				49C80E8F29376A4600123107 /* Sources */,
				49C80E9029376A4600123107 /* Frameworks */,
				49C80E9129376A4600123107 /* Resources */,
			);
			buildRules = (
			);
			dependencies = (
			);
			name = WhoWantsToBeAMillionaire;
			productName = WhoWantsToBeAMillionaire;
			productReference = 49C80E9329376A4600123107 /* WhoWantsToBeAMillionaire.app */;
			productType = "com.apple.product-type.application";
		};
/* End PBXNativeTarget section */

/* Begin PBXProject section */
		49C80E8B29376A4600123107 /* Project object */ = {
			isa = PBXProject;
			attributes = {
				BuildIndependentTargetsInParallel = 1;
				LastSwiftUpdateCheck = 1410;
				LastUpgradeCheck = 1410;
				TargetAttributes = {
					49C80E9229376A4600123107 = {
						CreatedOnToolsVersion = 14.1;
					};
				};
			};
			buildConfigurationList = 49C80E8E29376A4600123107 /* Build configuration list for PBXProject "WhoWantsToBeAMillionaire" */;
			compatibilityVersion = "Xcode 14.0";
			developmentRegion = en;
			hasScannedForEncodings = 0;
			knownRegions = (
				en,
				Base,
			);
			mainGroup = 49C80E8A29376A4600123107;
			productRefGroup = 49C80E9429376A4600123107 /* Products */;
			projectDirPath = "";
			projectRoot = "";
			targets = (
				49C80E9229376A4600123107 /* WhoWantsToBeAMillionaire */,
			);
		};
/* End PBXProject section */

/* Begin PBXResourcesBuildPhase section */
		49C80E9129376A4600123107 /* Resources */ = {
			isa = PBXResourcesBuildPhase;
			buildActionMask = 2147483647;
			files = (
				49C80EA629376A4600123107 /* LaunchScreen.storyboard in Resources */,
				49C80EA329376A4600123107 /* Assets.xcassets in Resources */,
			);
			runOnlyForDeploymentPostprocessing = 0;
		};
/* End PBXResourcesBuildPhase section */

/* Begin PBXSourcesBuildPhase section */
		49C80E8F29376A4600123107 /* Sources */ = {
			isa = PBXSourcesBuildPhase;
			buildActionMask = 2147483647;
			files = (
				492A1E91293DDF6A002A7C7A /* ScoreTableViewController.swift in Sources */,
				492A1E9B293E613D002A7C7A /* ScoresCareTaker.swift in Sources */,
				4967114E2944CE8F009D43D3 /* SettingsViewController.swift in Sources */,
				492A1E8F293DD36D002A7C7A /* ScoreTableViewCell.swift in Sources */,
				492A1E86293CB95C002A7C7A /* GameViewController.swift in Sources */,
				496711632945F82B009D43D3 /* AddQuestionsViewController.swift in Sources */,
				492A1E95293E0CF3002A7C7A /* Game.swift in Sources */,
				4967114C2944CE7D009D43D3 /* SettingsView.swift in Sources */,
				496711532945E365009D43D3 /* QuestionOrderStrategy.swift in Sources */,
				492A1EA1293F7216002A7C7A /* SettingsCareTaker.swift in Sources */,
				492A1E99293E23AA002A7C7A /* Score.swift in Sources */,
				492A1E97293E0D44002A7C7A /* GameSession.swift in Sources */,
				496711592945ED33009D43D3 /* Observable.swift in Sources */,
				496711652945F93F009D43D3 /* AddQuestionTableViewCell.swift in Sources */,
				492A1E84293B7BB2002A7C7A /* MainMenuView.swift in Sources */,
				492A1E5C293B3D70002A7C7A /* Question.swift in Sources */,
				496711612945F819009D43D3 /* AddQuestionsView.swift in Sources */,
				492A1E9D293EEFC9002A7C7A /* HelpPageViewController.swift in Sources */,
				496711512945D894009D43D3 /* DifficultyStrategy.swift in Sources */,
				492A1E8D293DCBAF002A7C7A /* ScoreTableView.swift in Sources */,
				492A1E93293DEE9C002A7C7A /* ReusableHeaderFooterView.swift in Sources */,
				49C80E9B29376A4600123107 /* MainMenuViewController.swift in Sources */,
				496711552945E4BC009D43D3 /* QuestionsOrder.swift in Sources */,
				492A1E9F293EEFFE002A7C7A /* HelpPageView.swift in Sources */,
				49C80E9729376A4600123107 /* AppDelegate.swift in Sources */,
				496711462944C60E009D43D3 /* GameDifficulty.swift in Sources */,
				492A1E88293CB9B8002A7C7A /* GameView.swift in Sources */,
				49C80E9929376A4600123107 /* SceneDelegate.swift in Sources */,
			);
			runOnlyForDeploymentPostprocessing = 0;
		};
/* End PBXSourcesBuildPhase section */

/* Begin PBXVariantGroup section */
		49C80EA429376A4600123107 /* LaunchScreen.storyboard */ = {
			isa = PBXVariantGroup;
			children = (
				49C80EA529376A4600123107 /* Base */,
			);
			name = LaunchScreen.storyboard;
			sourceTree = "<group>";
		};
/* End PBXVariantGroup section */

/* Begin XCBuildConfiguration section */
		49C80EA829376A4600123107 /* Debug */ = {
			isa = XCBuildConfiguration;
			buildSettings = {
				ALWAYS_SEARCH_USER_PATHS = NO;
				CLANG_ANALYZER_NONNULL = YES;
				CLANG_ANALYZER_NUMBER_OBJECT_CONVERSION = YES_AGGRESSIVE;
				CLANG_CXX_LANGUAGE_STANDARD = "gnu++20";
				CLANG_ENABLE_MODULES = YES;
				CLANG_ENABLE_OBJC_ARC = YES;
				CLANG_ENABLE_OBJC_WEAK = YES;
				CLANG_WARN_BLOCK_CAPTURE_AUTORELEASING = YES;
				CLANG_WARN_BOOL_CONVERSION = YES;
				CLANG_WARN_COMMA = YES;
				CLANG_WARN_CONSTANT_CONVERSION = YES;
				CLANG_WARN_DEPRECATED_OBJC_IMPLEMENTATIONS = YES;
				CLANG_WARN_DIRECT_OBJC_ISA_USAGE = YES_ERROR;
				CLANG_WARN_DOCUMENTATION_COMMENTS = YES;
				CLANG_WARN_EMPTY_BODY = YES;
				CLANG_WARN_ENUM_CONVERSION = YES;
				CLANG_WARN_INFINITE_RECURSION = YES;
				CLANG_WARN_INT_CONVERSION = YES;
				CLANG_WARN_NON_LITERAL_NULL_CONVERSION = YES;
				CLANG_WARN_OBJC_IMPLICIT_RETAIN_SELF = YES;
				CLANG_WARN_OBJC_LITERAL_CONVERSION = YES;
				CLANG_WARN_OBJC_ROOT_CLASS = YES_ERROR;
				CLANG_WARN_QUOTED_INCLUDE_IN_FRAMEWORK_HEADER = YES;
				CLANG_WARN_RANGE_LOOP_ANALYSIS = YES;
				CLANG_WARN_STRICT_PROTOTYPES = YES;
				CLANG_WARN_SUSPICIOUS_MOVE = YES;
				CLANG_WARN_UNGUARDED_AVAILABILITY = YES_AGGRESSIVE;
				CLANG_WARN_UNREACHABLE_CODE = YES;
				CLANG_WARN__DUPLICATE_METHOD_MATCH = YES;
				COPY_PHASE_STRIP = NO;
				DEBUG_INFORMATION_FORMAT = dwarf;
				ENABLE_STRICT_OBJC_MSGSEND = YES;
				ENABLE_TESTABILITY = YES;
				GCC_C_LANGUAGE_STANDARD = gnu11;
				GCC_DYNAMIC_NO_PIC = NO;
				GCC_NO_COMMON_BLOCKS = YES;
				GCC_OPTIMIZATION_LEVEL = 0;
				GCC_PREPROCESSOR_DEFINITIONS = (
					"DEBUG=1",
					"$(inherited)",
				);
				GCC_WARN_64_TO_32_BIT_CONVERSION = YES;
				GCC_WARN_ABOUT_RETURN_TYPE = YES_ERROR;
				GCC_WARN_UNDECLARED_SELECTOR = YES;
				GCC_WARN_UNINITIALIZED_AUTOS = YES_AGGRESSIVE;
				GCC_WARN_UNUSED_FUNCTION = YES;
				GCC_WARN_UNUSED_VARIABLE = YES;
				IPHONEOS_DEPLOYMENT_TARGET = 16.1;
				MTL_ENABLE_DEBUG_INFO = INCLUDE_SOURCE;
				MTL_FAST_MATH = YES;
				ONLY_ACTIVE_ARCH = YES;
				SDKROOT = iphoneos;
				SWIFT_ACTIVE_COMPILATION_CONDITIONS = DEBUG;
				SWIFT_OPTIMIZATION_LEVEL = "-Onone";
			};
			name = Debug;
		};
		49C80EA929376A4600123107 /* Release */ = {
			isa = XCBuildConfiguration;
			buildSettings = {
				ALWAYS_SEARCH_USER_PATHS = NO;
				CLANG_ANALYZER_NONNULL = YES;
				CLANG_ANALYZER_NUMBER_OBJECT_CONVERSION = YES_AGGRESSIVE;
				CLANG_CXX_LANGUAGE_STANDARD = "gnu++20";
				CLANG_ENABLE_MODULES = YES;
				CLANG_ENABLE_OBJC_ARC = YES;
				CLANG_ENABLE_OBJC_WEAK = YES;
				CLANG_WARN_BLOCK_CAPTURE_AUTORELEASING = YES;
				CLANG_WARN_BOOL_CONVERSION = YES;
				CLANG_WARN_COMMA = YES;
				CLANG_WARN_CONSTANT_CONVERSION = YES;
				CLANG_WARN_DEPRECATED_OBJC_IMPLEMENTATIONS = YES;
				CLANG_WARN_DIRECT_OBJC_ISA_USAGE = YES_ERROR;
				CLANG_WARN_DOCUMENTATION_COMMENTS = YES;
				CLANG_WARN_EMPTY_BODY = YES;
				CLANG_WARN_ENUM_CONVERSION = YES;
				CLANG_WARN_INFINITE_RECURSION = YES;
				CLANG_WARN_INT_CONVERSION = YES;
				CLANG_WARN_NON_LITERAL_NULL_CONVERSION = YES;
				CLANG_WARN_OBJC_IMPLICIT_RETAIN_SELF = YES;
				CLANG_WARN_OBJC_LITERAL_CONVERSION = YES;
				CLANG_WARN_OBJC_ROOT_CLASS = YES_ERROR;
				CLANG_WARN_QUOTED_INCLUDE_IN_FRAMEWORK_HEADER = YES;
				CLANG_WARN_RANGE_LOOP_ANALYSIS = YES;
				CLANG_WARN_STRICT_PROTOTYPES = YES;
				CLANG_WARN_SUSPICIOUS_MOVE = YES;
				CLANG_WARN_UNGUARDED_AVAILABILITY = YES_AGGRESSIVE;
				CLANG_WARN_UNREACHABLE_CODE = YES;
				CLANG_WARN__DUPLICATE_METHOD_MATCH = YES;
				COPY_PHASE_STRIP = NO;
				DEBUG_INFORMATION_FORMAT = "dwarf-with-dsym";
				ENABLE_NS_ASSERTIONS = NO;
				ENABLE_STRICT_OBJC_MSGSEND = YES;
				GCC_C_LANGUAGE_STANDARD = gnu11;
				GCC_NO_COMMON_BLOCKS = YES;
				GCC_WARN_64_TO_32_BIT_CONVERSION = YES;
				GCC_WARN_ABOUT_RETURN_TYPE = YES_ERROR;
				GCC_WARN_UNDECLARED_SELECTOR = YES;
				GCC_WARN_UNINITIALIZED_AUTOS = YES_AGGRESSIVE;
				GCC_WARN_UNUSED_FUNCTION = YES;
				GCC_WARN_UNUSED_VARIABLE = YES;
				IPHONEOS_DEPLOYMENT_TARGET = 16.1;
				MTL_ENABLE_DEBUG_INFO = NO;
				MTL_FAST_MATH = YES;
				SDKROOT = iphoneos;
				SWIFT_COMPILATION_MODE = wholemodule;
				SWIFT_OPTIMIZATION_LEVEL = "-O";
				VALIDATE_PRODUCT = YES;
			};
			name = Release;
		};
		49C80EAB29376A4600123107 /* Debug */ = {
			isa = XCBuildConfiguration;
			buildSettings = {
				ASSETCATALOG_COMPILER_APPICON_NAME = AppIcon;
				ASSETCATALOG_COMPILER_GLOBAL_ACCENT_COLOR_NAME = AccentColor;
				CODE_SIGN_IDENTITY = "Apple Development";
				CODE_SIGN_STYLE = Automatic;
				CURRENT_PROJECT_VERSION = 1;
				DEVELOPMENT_TEAM = 277JX9R2RP;
				GENERATE_INFOPLIST_FILE = YES;
				INFOPLIST_FILE = WhoWantsToBeAMillionaire/Info.plist;
				INFOPLIST_KEY_CFBundleDisplayName = Millionaire;
				INFOPLIST_KEY_LSApplicationCategoryType = "public.app-category.educational-games";
				INFOPLIST_KEY_UIApplicationSupportsIndirectInputEvents = YES;
				INFOPLIST_KEY_UILaunchStoryboardName = LaunchScreen.storyboard;
				INFOPLIST_KEY_UIMainStoryboardFile = "";
				INFOPLIST_KEY_UISupportedInterfaceOrientations = UIInterfaceOrientationPortrait;
				INFOPLIST_KEY_UISupportedInterfaceOrientations_iPad = "UIInterfaceOrientationLandscapeLeft UIInterfaceOrientationLandscapeRight UIInterfaceOrientationPortrait UIInterfaceOrientationPortraitUpsideDown";
				IPHONEOS_DEPLOYMENT_TARGET = 13.0;
				LD_RUNPATH_SEARCH_PATHS = (
					"$(inherited)",
					"@executable_path/Frameworks",
				);
				MARKETING_VERSION = 1.0.0;
				PRODUCT_BUNDLE_IDENTIFIER = "Mayer-Inc.WhoWantsToBeAMillionaire";
				PRODUCT_NAME = "$(TARGET_NAME)";
				PROVISIONING_PROFILE_SPECIFIER = "";
				SUPPORTED_PLATFORMS = "iphoneos iphonesimulator";
				SUPPORTS_MACCATALYST = NO;
				SUPPORTS_MAC_DESIGNED_FOR_IPHONE_IPAD = NO;
				SWIFT_EMIT_LOC_STRINGS = YES;
				SWIFT_VERSION = 5.0;
				TARGETED_DEVICE_FAMILY = 1;
			};
			name = Debug;
		};
		49C80EAC29376A4600123107 /* Release */ = {
			isa = XCBuildConfiguration;
			buildSettings = {
				ASSETCATALOG_COMPILER_APPICON_NAME = AppIcon;
				ASSETCATALOG_COMPILER_GLOBAL_ACCENT_COLOR_NAME = AccentColor;
				CODE_SIGN_IDENTITY = "Apple Development";
				CODE_SIGN_STYLE = Automatic;
				CURRENT_PROJECT_VERSION = 1;
				DEVELOPMENT_TEAM = 277JX9R2RP;
				GENERATE_INFOPLIST_FILE = YES;
				INFOPLIST_FILE = WhoWantsToBeAMillionaire/Info.plist;
				INFOPLIST_KEY_CFBundleDisplayName = Millionaire;
				INFOPLIST_KEY_LSApplicationCategoryType = "public.app-category.educational-games";
				INFOPLIST_KEY_UIApplicationSupportsIndirectInputEvents = YES;
				INFOPLIST_KEY_UILaunchStoryboardName = LaunchScreen.storyboard;
				INFOPLIST_KEY_UIMainStoryboardFile = "";
				INFOPLIST_KEY_UISupportedInterfaceOrientations = UIInterfaceOrientationPortrait;
				INFOPLIST_KEY_UISupportedInterfaceOrientations_iPad = "UIInterfaceOrientationLandscapeLeft UIInterfaceOrientationLandscapeRight UIInterfaceOrientationPortrait UIInterfaceOrientationPortraitUpsideDown";
				IPHONEOS_DEPLOYMENT_TARGET = 13.0;
				LD_RUNPATH_SEARCH_PATHS = (
					"$(inherited)",
					"@executable_path/Frameworks",
				);
				MARKETING_VERSION = 1.0.0;
				PRODUCT_BUNDLE_IDENTIFIER = "Mayer-Inc.WhoWantsToBeAMillionaire";
				PRODUCT_NAME = "$(TARGET_NAME)";
				PROVISIONING_PROFILE_SPECIFIER = "";
				SUPPORTED_PLATFORMS = "iphoneos iphonesimulator";
				SUPPORTS_MACCATALYST = NO;
				SUPPORTS_MAC_DESIGNED_FOR_IPHONE_IPAD = NO;
				SWIFT_EMIT_LOC_STRINGS = YES;
				SWIFT_VERSION = 5.0;
				TARGETED_DEVICE_FAMILY = 1;
			};
			name = Release;
		};
/* End XCBuildConfiguration section */

/* Begin XCConfigurationList section */
		49C80E8E29376A4600123107 /* Build configuration list for PBXProject "WhoWantsToBeAMillionaire" */ = {
			isa = XCConfigurationList;
			buildConfigurations = (
				49C80EA829376A4600123107 /* Debug */,
				49C80EA929376A4600123107 /* Release */,
			);
			defaultConfigurationIsVisible = 0;
			defaultConfigurationName = Release;
		};
		49C80EAA29376A4600123107 /* Build configuration list for PBXNativeTarget "WhoWantsToBeAMillionaire" */ = {
			isa = XCConfigurationList;
			buildConfigurations = (
				49C80EAB29376A4600123107 /* Debug */,
				49C80EAC29376A4600123107 /* Release */,
			);
			defaultConfigurationIsVisible = 0;
			defaultConfigurationName = Release;
		};
/* End XCConfigurationList section */
	};
	rootObject = 49C80E8B29376A4600123107 /* Project object */;
}
